
Microsoft Visual Studio Solution File, Format Version 12.00
# Visual Studio Version 17
VisualStudioVersion = 17.4.33205.214
MinimumVisualStudioVersion = 10.0.40219.1
Project("{9A19103F-16F7-4668-BE54-9A1E7A4F7556}") = "OOP", "OOP\OOP.csproj", "{3B41570A-D96A-4B02-8D8C-C97C63929DE8}"
EndProject
Project("{9A19103F-16F7-4668-BE54-9A1E7A4F7556}") = "OOP.5", "OOP.5\OOP.5.csproj", "{2B873CF9-176E-4A74-B910-7DCB9E074DBA}"
EndProject
Project("{9A19103F-16F7-4668-BE54-9A1E7A4F7556}") = "TestOOP", "TestOOP\TestOOP.csproj", "{D179D666-AB25-4BC9-9C85-EB00C6FD75FE}"
EndProject
Project("{9A19103F-16F7-4668-BE54-9A1E7A4F7556}") = "OOP2", "OOP2\OOP2.csproj", "{F0550A74-D3B0-4B9B-A8C5-26DBD2609492}"
EndProject
Project("{9A19103F-16F7-4668-BE54-9A1E7A4F7556}") = "OOP4", "OOP4\OOP4.csproj", "{8350B6C4-35FF-4CAB-B87F-8A2BC87CEE1D}"
EndProject
Project("{9A19103F-16F7-4668-BE54-9A1E7A4F7556}") = "Game", "Game\Game.csproj", "{2AA2407F-6EBE-4BE1-9BD1-20C3F04B406A}"
EndProject
Project("{9A19103F-16F7-4668-BE54-9A1E7A4F7556}") = "Geometria", "Geometria\Geometria.csproj", "{372CCF59-4113-4159-B4C4-8A473E7A7D22}"
EndProject
Project("{9A19103F-16F7-4668-BE54-9A1E7A4F7556}") = "Cafeteria", "Cafeteria\Cafeteria.csproj", "{AB272C5E-B98D-47DE-B19A-CE3B90B03810}"
EndProject
Project("{FAE04EC0-301F-11D3-BF4B-00C04F79EFBC}") = "Expendedora", "Expendedora\Expendedora.csproj", "{AD7426FE-7C87-4C1D-8750-4E09B9E3A923}"
EndProject
Project("{9A19103F-16F7-4668-BE54-9A1E7A4F7556}") = "MaquinaExpendedora", "..\..\..\..\..\Downloads\MaquinaExpendedora-main\MaquinaExpendedora.csproj", "{F52BB10E-248C-41C3-9B77-7978913ADC52}"
EndProject
Global
	GlobalSection(SolutionConfigurationPlatforms) = preSolution
		Debug|Any CPU = Debug|Any CPU
		Release|Any CPU = Release|Any CPU
	EndGlobalSection
	GlobalSection(ProjectConfigurationPlatforms) = postSolution
		{3B41570A-D96A-4B02-8D8C-C97C63929DE8}.Debug|Any CPU.ActiveCfg = Debug|Any CPU
		{3B41570A-D96A-4B02-8D8C-C97C63929DE8}.Debug|Any CPU.Build.0 = Debug|Any CPU
		{3B41570A-D96A-4B02-8D8C-C97C63929DE8}.Release|Any CPU.ActiveCfg = Release|Any CPU
		{3B41570A-D96A-4B02-8D8C-C97C63929DE8}.Release|Any CPU.Build.0 = Release|Any CPU
		{2B873CF9-176E-4A74-B910-7DCB9E074DBA}.Debug|Any CPU.ActiveCfg = Debug|Any CPU
		{2B873CF9-176E-4A74-B910-7DCB9E074DBA}.Debug|Any CPU.Build.0 = Debug|Any CPU
		{2B873CF9-176E-4A74-B910-7DCB9E074DBA}.Release|Any CPU.ActiveCfg = Release|Any CPU
		{2B873CF9-176E-4A74-B910-7DCB9E074DBA}.Release|Any CPU.Build.0 = Release|Any CPU
		{D179D666-AB25-4BC9-9C85-EB00C6FD75FE}.Debug|Any CPU.ActiveCfg = Debug|Any CPU
		{D179D666-AB25-4BC9-9C85-EB00C6FD75FE}.Debug|Any CPU.Build.0 = Debug|Any CPU
		{D179D666-AB25-4BC9-9C85-EB00C6FD75FE}.Release|Any CPU.ActiveCfg = Release|Any CPU
		{D179D666-AB25-4BC9-9C85-EB00C6FD75FE}.Release|Any CPU.Build.0 = Release|Any CPU
		{F0550A74-D3B0-4B9B-A8C5-26DBD2609492}.Debug|Any CPU.ActiveCfg = Debug|Any CPU
		{F0550A74-D3B0-4B9B-A8C5-26DBD2609492}.Debug|Any CPU.Build.0 = Debug|Any CPU
		{F0550A74-D3B0-4B9B-A8C5-26DBD2609492}.Release|Any CPU.ActiveCfg = Release|Any CPU
		{F0550A74-D3B0-4B9B-A8C5-26DBD2609492}.Release|Any CPU.Build.0 = Release|Any CPU
		{8350B6C4-35FF-4CAB-B87F-8A2BC87CEE1D}.Debug|Any CPU.ActiveCfg = Debug|Any CPU
		{8350B6C4-35FF-4CAB-B87F-8A2BC87CEE1D}.Debug|Any CPU.Build.0 = Debug|Any CPU
		{8350B6C4-35FF-4CAB-B87F-8A2BC87CEE1D}.Release|Any CPU.ActiveCfg = Release|Any CPU
		{8350B6C4-35FF-4CAB-B87F-8A2BC87CEE1D}.Release|Any CPU.Build.0 = Release|Any CPU
		{2AA2407F-6EBE-4BE1-9BD1-20C3F04B406A}.Debug|Any CPU.ActiveCfg = Debug|Any CPU
		{2AA2407F-6EBE-4BE1-9BD1-20C3F04B406A}.Debug|Any CPU.Build.0 = Debug|Any CPU
		{2AA2407F-6EBE-4BE1-9BD1-20C3F04B406A}.Release|Any CPU.ActiveCfg = Release|Any CPU
		{2AA2407F-6EBE-4BE1-9BD1-20C3F04B406A}.Release|Any CPU.Build.0 = Release|Any CPU
		{372CCF59-4113-4159-B4C4-8A473E7A7D22}.Debug|Any CPU.ActiveCfg = Debug|Any CPU
		{372CCF59-4113-4159-B4C4-8A473E7A7D22}.Debug|Any CPU.Build.0 = Debug|Any CPU
		{372CCF59-4113-4159-B4C4-8A473E7A7D22}.Release|Any CPU.ActiveCfg = Release|Any CPU
		{372CCF59-4113-4159-B4C4-8A473E7A7D22}.Release|Any CPU.Build.0 = Release|Any CPU
		{AB272C5E-B98D-47DE-B19A-CE3B90B03810}.Debug|Any CPU.ActiveCfg = Debug|Any CPU
		{AB272C5E-B98D-47DE-B19A-CE3B90B03810}.Debug|Any CPU.Build.0 = Debug|Any CPU
		{AB272C5E-B98D-47DE-B19A-CE3B90B03810}.Release|Any CPU.ActiveCfg = Release|Any CPU
		{AB272C5E-B98D-47DE-B19A-CE3B90B03810}.Release|Any CPU.Build.0 = Release|Any CPU
		{AD7426FE-7C87-4C1D-8750-4E09B9E3A923}.Debug|Any CPU.ActiveCfg = Debug|Any CPU
		{AD7426FE-7C87-4C1D-8750-4E09B9E3A923}.Debug|Any CPU.Build.0 = Debug|Any CPU
		{AD7426FE-7C87-4C1D-8750-4E09B9E3A923}.Release|Any CPU.ActiveCfg = Release|Any CPU
		{AD7426FE-7C87-4C1D-8750-4E09B9E3A923}.Release|Any CPU.Build.0 = Release|Any CPU
		{F52BB10E-248C-41C3-9B77-7978913ADC52}.Debug|Any CPU.ActiveCfg = Debug|Any CPU
		{F52BB10E-248C-41C3-9B77-7978913ADC52}.Debug|Any CPU.Build.0 = Debug|Any CPU
		{F52BB10E-248C-41C3-9B77-7978913ADC52}.Release|Any CPU.ActiveCfg = Release|Any CPU
		{F52BB10E-248C-41C3-9B77-7978913ADC52}.Release|Any CPU.Build.0 = Release|Any CPU
	EndGlobalSection
	GlobalSection(SolutionProperties) = preSolution
		HideSolutionNode = FALSE
	EndGlobalSection
	GlobalSection(ExtensibilityGlobals) = postSolution
		SolutionGuid = {3B602A4F-8EAF-4CC6-ADAC-DD53F2950FAC}
	EndGlobalSection
EndGlobal
