
Microsoft Visual Studio Solution File, Format Version 12.00
# Visual Studio Version 17
VisualStudioVersion = 17.4.33205.214
MinimumVisualStudioVersion = 10.0.40219.1
Project("{FAE04EC0-301F-11D3-BF4B-00C04F79EFBC}") = "EJEMPLO", "EJEMPLO\EJEMPLO.csproj", "{968C6521-E3DC-487B-B7D3-D6F2EE3A3775}"
EndProject
Global
	GlobalSection(SolutionConfigurationPlatforms) = preSolution
		Debug|Any CPU = Debug|Any CPU
		Release|Any CPU = Release|Any CPU
	EndGlobalSection
	GlobalSection(ProjectConfigurationPlatforms) = postSolution
		{968C6521-E3DC-487B-B7D3-D6F2EE3A3775}.Debug|Any CPU.ActiveCfg = Debug|Any CPU
		{968C6521-E3DC-487B-B7D3-D6F2EE3A3775}.Debug|Any CPU.Build.0 = Debug|Any CPU
		{968C6521-E3DC-487B-B7D3-D6F2EE3A3775}.Release|Any CPU.ActiveCfg = Release|Any CPU
		{968C6521-E3DC-487B-B7D3-D6F2EE3A3775}.Release|Any CPU.Build.0 = Release|Any CPU
	EndGlobalSection
	GlobalSection(SolutionProperties) = preSolution
		HideSolutionNode = FALSE
	EndGlobalSection
	GlobalSection(ExtensibilityGlobals) = postSolution
		SolutionGuid = {3972AD31-3BBF-4061-8643-F767025C1D63}
	EndGlobalSection
EndGlobal
